Microsoft Visual Studio Solution File, Format Version 12.00
# Visual Studio 2013
Project("{8BC9CEB8-8B4A-11D0-8D11-00A0C91BC942}") = "ALL_BUILD", "ALL_BUILD.vcxproj", "{94CC0289-F6EA-4F4C-B767-D799CAAF5715}"
	ProjectSection(ProjectDependencies) = postProject
		{AFAACFF2-7F3C-4072-835A-C7FDA320BD19} = {AFAACFF2-7F3C-4072-835A-C7FDA320BD19}
		{22348140-6FC3-4C70-A2E4-CDC848AE38EC} = {22348140-6FC3-4C70-A2E4-CDC848AE38EC}
		{616E7870-5C17-4BA3-A94D-73F3F77283A7} = {616E7870-5C17-4BA3-A94D-73F3F77283A7}
		{E2C13D80-CCA6-4FB7-8F92-208292A6F8BD} = {E2C13D80-CCA6-4FB7-8F92-208292A6F8BD}
		{F1002A8A-8C75-4053-BB86-C1F3F27C72E8} = {F1002A8A-8C75-4053-BB86-C1F3F27C72E8}
		{B7B851AF-5E1B-4A65-A277-A20DAD4B561E} = {B7B851AF-5E1B-4A65-A277-A20DAD4B561E}
		{2B31EEC8-AEEF-4180-A76B-803A3221AE39} = {2B31EEC8-AEEF-4180-A76B-803A3221AE39}
		{BC7D8708-3443-42C5-95E2-A37079773622} = {BC7D8708-3443-42C5-95E2-A37079773622}
		{BAB51F25-FF8D-48E1-9A9F-993642417EE9} = {BAB51F25-FF8D-48E1-9A9F-993642417EE9}
		{8EE5A159-EDC7-4AC2-A7E5-B5BFED5E7024} = {8EE5A159-EDC7-4AC2-A7E5-B5BFED5E7024}
		{CCB612DB-FE16-4175-9DCE-3C726993175F} = {CCB612DB-FE16-4175-9DCE-3C726993175F}
		{E018A7B3-A66A-4DAF-BFDE-37759F292506} = {E018A7B3-A66A-4DAF-BFDE-37759F292506}
		{B91D3CC4-E2C5-479B-813B-51C35E9FC891} = {B91D3CC4-E2C5-479B-813B-51C35E9FC891}
		{D8131A90-25E8-4D90-97AF-404DCB3D6E1B} = {D8131A90-25E8-4D90-97AF-404DCB3D6E1B}
		{33C86480-97BE-4D49-B167-C4E35FCAD73B} = {33C86480-97BE-4D49-B167-C4E35FCAD73B}
	EndProjectSection
EndProject
Project("{8BC9CEB8-8B4A-11D0-8D11-00A0C91BC942}") = "INSTALL", "INSTALL.vcxproj", "{32613004-4531-49E9-BEA4-7FEBDEB7392E}"
	ProjectSection(ProjectDependencies) = postProject
		{94CC0289-F6EA-4F4C-B767-D799CAAF5715} = {94CC0289-F6EA-4F4C-B767-D799CAAF5715}
	EndProjectSection
EndProject
Project("{8BC9CEB8-8B4A-11D0-8D11-00A0C91BC942}") = "PACKAGE", "PACKAGE.vcxproj", "{DF3FC0F9-1A6B-46D1-A558-E160F1DEB4D7}"
	ProjectSection(ProjectDependencies) = postProject
		{94CC0289-F6EA-4F4C-B767-D799CAAF5715} = {94CC0289-F6EA-4F4C-B767-D799CAAF5715}
	EndProjectSection
EndProject
Project("{8BC9CEB8-8B4A-11D0-8D11-00A0C91BC942}") = "RUN_TESTS", "RUN_TESTS.vcxproj", "{C590B778-9E5F-40E1-9580-48D88A19E268}"
	ProjectSection(ProjectDependencies) = postProject
	EndProjectSection
EndProject
Project("{8BC9CEB8-8B4A-11D0-8D11-00A0C91BC942}") = "ZERO_CHECK", "..\..\ZERO_CHECK.vcxproj", "{18EE90D6-044A-43C0-9594-8193F96F490D}"
	ProjectSection(ProjectDependencies) = postProject
	EndProjectSection
EndProject
Project("{8BC9CEB8-8B4A-11D0-8D11-00A0C91BC942}") = "bc6h", "..\bc6h\bc6h.vcxproj", "{8E9C5F21-8910-487E-B4DE-8D40150D4FFB}"
	ProjectSection(ProjectDependencies) = postProject
		{18EE90D6-044A-43C0-9594-8193F96F490D} = {18EE90D6-044A-43C0-9594-8193F96F490D}
		{04D01684-7EA2-4C72-9A7E-C632FFCB01A8} = {04D01684-7EA2-4C72-9A7E-C632FFCB01A8}
		{AC9D065E-DF53-4F1C-9BF3-C9063BA69049} = {AC9D065E-DF53-4F1C-9BF3-C9063BA69049}
	EndProjectSection
EndProject
Project("{8BC9CEB8-8B4A-11D0-8D11-00A0C91BC942}") = "bc7", "..\bc7\bc7.vcxproj", "{22E3D9AC-325F-47EE-8A58-9AC90464DFD6}"
	ProjectSection(ProjectDependencies) = postProject
		{18EE90D6-044A-43C0-9594-8193F96F490D} = {18EE90D6-044A-43C0-9594-8193F96F490D}
		{04D01684-7EA2-4C72-9A7E-C632FFCB01A8} = {04D01684-7EA2-4C72-9A7E-C632FFCB01A8}
		{AC9D065E-DF53-4F1C-9BF3-C9063BA69049} = {AC9D065E-DF53-4F1C-9BF3-C9063BA69049}
	EndProjectSection
EndProject
Project("{8BC9CEB8-8B4A-11D0-8D11-00A0C91BC942}") = "cubemaptest", "tests\cubemaptest.vcxproj", "{AFAACFF2-7F3C-4072-835A-C7FDA320BD19}"
	ProjectSection(ProjectDependencies) = postProject
		{18EE90D6-044A-43C0-9594-8193F96F490D} = {18EE90D6-044A-43C0-9594-8193F96F490D}
		{8E9C5F21-8910-487E-B4DE-8D40150D4FFB} = {8E9C5F21-8910-487E-B4DE-8D40150D4FFB}
		{22E3D9AC-325F-47EE-8A58-9AC90464DFD6} = {22E3D9AC-325F-47EE-8A58-9AC90464DFD6}
		{04D01684-7EA2-4C72-9A7E-C632FFCB01A8} = {04D01684-7EA2-4C72-9A7E-C632FFCB01A8}
		{FA876945-0FA4-4C33-92E9-C92A275D93A9} = {FA876945-0FA4-4C33-92E9-C92A275D93A9}
		{AC9D065E-DF53-4F1C-9BF3-C9063BA69049} = {AC9D065E-DF53-4F1C-9BF3-C9063BA69049}
		{7C3B9CCB-8906-4439-9698-4535955FC8CF} = {7C3B9CCB-8906-4439-9698-4535955FC8CF}
		{E018A7B3-A66A-4DAF-BFDE-37759F292506} = {E018A7B3-A66A-4DAF-BFDE-37759F292506}
		{38D30D59-6C31-40F2-A801-32F8147C3BEB} = {38D30D59-6C31-40F2-A801-32F8147C3BEB}
		{84D7BC84-0738-4E12-AF57-1D8A91B346AF} = {84D7BC84-0738-4E12-AF57-1D8A91B346AF}
		{33C86480-97BE-4D49-B167-C4E35FCAD73B} = {33C86480-97BE-4D49-B167-C4E35FCAD73B}
	EndProjectSection
EndProject
Project("{8BC9CEB8-8B4A-11D0-8D11-00A0C91BC942}") = "filtertest", "tests\filtertest.vcxproj", "{22348140-6FC3-4C70-A2E4-CDC848AE38EC}"
	ProjectSection(ProjectDependencies) = postProject
		{18EE90D6-044A-43C0-9594-8193F96F490D} = {18EE90D6-044A-43C0-9594-8193F96F490D}
		{8E9C5F21-8910-487E-B4DE-8D40150D4FFB} = {8E9C5F21-8910-487E-B4DE-8D40150D4FFB}
		{22E3D9AC-325F-47EE-8A58-9AC90464DFD6} = {22E3D9AC-325F-47EE-8A58-9AC90464DFD6}
		{04D01684-7EA2-4C72-9A7E-C632FFCB01A8} = {04D01684-7EA2-4C72-9A7E-C632FFCB01A8}
		{FA876945-0FA4-4C33-92E9-C92A275D93A9} = {FA876945-0FA4-4C33-92E9-C92A275D93A9}
		{AC9D065E-DF53-4F1C-9BF3-C9063BA69049} = {AC9D065E-DF53-4F1C-9BF3-C9063BA69049}
		{7C3B9CCB-8906-4439-9698-4535955FC8CF} = {7C3B9CCB-8906-4439-9698-4535955FC8CF}
		{E018A7B3-A66A-4DAF-BFDE-37759F292506} = {E018A7B3-A66A-4DAF-BFDE-37759F292506}
		{38D30D59-6C31-40F2-A801-32F8147C3BEB} = {38D30D59-6C31-40F2-A801-32F8147C3BEB}
		{84D7BC84-0738-4E12-AF57-1D8A91B346AF} = {84D7BC84-0738-4E12-AF57-1D8A91B346AF}
		{33C86480-97BE-4D49-B167-C4E35FCAD73B} = {33C86480-97BE-4D49-B167-C4E35FCAD73B}
	EndProjectSection
EndProject
Project("{8BC9CEB8-8B4A-11D0-8D11-00A0C91BC942}") = "imperativeapi", "tests\imperativeapi.vcxproj", "{616E7870-5C17-4BA3-A94D-73F3F77283A7}"
	ProjectSection(ProjectDependencies) = postProject
		{18EE90D6-044A-43C0-9594-8193F96F490D} = {18EE90D6-044A-43C0-9594-8193F96F490D}
		{8E9C5F21-8910-487E-B4DE-8D40150D4FFB} = {8E9C5F21-8910-487E-B4DE-8D40150D4FFB}
		{22E3D9AC-325F-47EE-8A58-9AC90464DFD6} = {22E3D9AC-325F-47EE-8A58-9AC90464DFD6}
		{04D01684-7EA2-4C72-9A7E-C632FFCB01A8} = {04D01684-7EA2-4C72-9A7E-C632FFCB01A8}
		{FA876945-0FA4-4C33-92E9-C92A275D93A9} = {FA876945-0FA4-4C33-92E9-C92A275D93A9}
		{AC9D065E-DF53-4F1C-9BF3-C9063BA69049} = {AC9D065E-DF53-4F1C-9BF3-C9063BA69049}
		{7C3B9CCB-8906-4439-9698-4535955FC8CF} = {7C3B9CCB-8906-4439-9698-4535955FC8CF}
		{E018A7B3-A66A-4DAF-BFDE-37759F292506} = {E018A7B3-A66A-4DAF-BFDE-37759F292506}
		{38D30D59-6C31-40F2-A801-32F8147C3BEB} = {38D30D59-6C31-40F2-A801-32F8147C3BEB}
		{84D7BC84-0738-4E12-AF57-1D8A91B346AF} = {84D7BC84-0738-4E12-AF57-1D8A91B346AF}
		{33C86480-97BE-4D49-B167-C4E35FCAD73B} = {33C86480-97BE-4D49-B167-C4E35FCAD73B}
	EndProjectSection
EndProject
Project("{8BC9CEB8-8B4A-11D0-8D11-00A0C91BC942}") = "nv-gnome-thumbnailer", "tools\nv-gnome-thumbnailer.vcxproj", "{E2C13D80-CCA6-4FB7-8F92-208292A6F8BD}"
	ProjectSection(ProjectDependencies) = postProject
		{18EE90D6-044A-43C0-9594-8193F96F490D} = {18EE90D6-044A-43C0-9594-8193F96F490D}
		{8E9C5F21-8910-487E-B4DE-8D40150D4FFB} = {8E9C5F21-8910-487E-B4DE-8D40150D4FFB}
		{22E3D9AC-325F-47EE-8A58-9AC90464DFD6} = {22E3D9AC-325F-47EE-8A58-9AC90464DFD6}
		{04D01684-7EA2-4C72-9A7E-C632FFCB01A8} = {04D01684-7EA2-4C72-9A7E-C632FFCB01A8}
		{FA876945-0FA4-4C33-92E9-C92A275D93A9} = {FA876945-0FA4-4C33-92E9-C92A275D93A9}
		{AC9D065E-DF53-4F1C-9BF3-C9063BA69049} = {AC9D065E-DF53-4F1C-9BF3-C9063BA69049}
		{7C3B9CCB-8906-4439-9698-4535955FC8CF} = {7C3B9CCB-8906-4439-9698-4535955FC8CF}
		{E018A7B3-A66A-4DAF-BFDE-37759F292506} = {E018A7B3-A66A-4DAF-BFDE-37759F292506}
		{38D30D59-6C31-40F2-A801-32F8147C3BEB} = {38D30D59-6C31-40F2-A801-32F8147C3BEB}
		{84D7BC84-0738-4E12-AF57-1D8A91B346AF} = {84D7BC84-0738-4E12-AF57-1D8A91B346AF}
		{33C86480-97BE-4D49-B167-C4E35FCAD73B} = {33C86480-97BE-4D49-B167-C4E35FCAD73B}
	EndProjectSection
EndProject
Project("{8BC9CEB8-8B4A-11D0-8D11-00A0C91BC942}") = "nvassemble", "tools\nvassemble.vcxproj", "{F1002A8A-8C75-4053-BB86-C1F3F27C72E8}"
	ProjectSection(ProjectDependencies) = postProject
		{18EE90D6-044A-43C0-9594-8193F96F490D} = {18EE90D6-044A-43C0-9594-8193F96F490D}
		{8E9C5F21-8910-487E-B4DE-8D40150D4FFB} = {8E9C5F21-8910-487E-B4DE-8D40150D4FFB}
		{22E3D9AC-325F-47EE-8A58-9AC90464DFD6} = {22E3D9AC-325F-47EE-8A58-9AC90464DFD6}
		{04D01684-7EA2-4C72-9A7E-C632FFCB01A8} = {04D01684-7EA2-4C72-9A7E-C632FFCB01A8}
		{FA876945-0FA4-4C33-92E9-C92A275D93A9} = {FA876945-0FA4-4C33-92E9-C92A275D93A9}
		{AC9D065E-DF53-4F1C-9BF3-C9063BA69049} = {AC9D065E-DF53-4F1C-9BF3-C9063BA69049}
		{7C3B9CCB-8906-4439-9698-4535955FC8CF} = {7C3B9CCB-8906-4439-9698-4535955FC8CF}
		{E018A7B3-A66A-4DAF-BFDE-37759F292506} = {E018A7B3-A66A-4DAF-BFDE-37759F292506}
		{38D30D59-6C31-40F2-A801-32F8147C3BEB} = {38D30D59-6C31-40F2-A801-32F8147C3BEB}
		{84D7BC84-0738-4E12-AF57-1D8A91B346AF} = {84D7BC84-0738-4E12-AF57-1D8A91B346AF}
		{33C86480-97BE-4D49-B167-C4E35FCAD73B} = {33C86480-97BE-4D49-B167-C4E35FCAD73B}
	EndProjectSection
EndProject
Project("{8BC9CEB8-8B4A-11D0-8D11-00A0C91BC942}") = "nvcompress", "tools\nvcompress.vcxproj", "{B7B851AF-5E1B-4A65-A277-A20DAD4B561E}"
	ProjectSection(ProjectDependencies) = postProject
		{18EE90D6-044A-43C0-9594-8193F96F490D} = {18EE90D6-044A-43C0-9594-8193F96F490D}
		{8E9C5F21-8910-487E-B4DE-8D40150D4FFB} = {8E9C5F21-8910-487E-B4DE-8D40150D4FFB}
		{22E3D9AC-325F-47EE-8A58-9AC90464DFD6} = {22E3D9AC-325F-47EE-8A58-9AC90464DFD6}
		{04D01684-7EA2-4C72-9A7E-C632FFCB01A8} = {04D01684-7EA2-4C72-9A7E-C632FFCB01A8}
		{FA876945-0FA4-4C33-92E9-C92A275D93A9} = {FA876945-0FA4-4C33-92E9-C92A275D93A9}
		{AC9D065E-DF53-4F1C-9BF3-C9063BA69049} = {AC9D065E-DF53-4F1C-9BF3-C9063BA69049}
		{7C3B9CCB-8906-4439-9698-4535955FC8CF} = {7C3B9CCB-8906-4439-9698-4535955FC8CF}
		{E018A7B3-A66A-4DAF-BFDE-37759F292506} = {E018A7B3-A66A-4DAF-BFDE-37759F292506}
		{38D30D59-6C31-40F2-A801-32F8147C3BEB} = {38D30D59-6C31-40F2-A801-32F8147C3BEB}
		{84D7BC84-0738-4E12-AF57-1D8A91B346AF} = {84D7BC84-0738-4E12-AF57-1D8A91B346AF}
		{33C86480-97BE-4D49-B167-C4E35FCAD73B} = {33C86480-97BE-4D49-B167-C4E35FCAD73B}
	EndProjectSection
EndProject
Project("{8BC9CEB8-8B4A-11D0-8D11-00A0C91BC942}") = "nvcore", "..\nvcore\nvcore.vcxproj", "{04D01684-7EA2-4C72-9A7E-C632FFCB01A8}"
	ProjectSection(ProjectDependencies) = postProject
		{18EE90D6-044A-43C0-9594-8193F96F490D} = {18EE90D6-044A-43C0-9594-8193F96F490D}
	EndProjectSection
EndProject
Project("{8BC9CEB8-8B4A-11D0-8D11-00A0C91BC942}") = "nvddsinfo", "tools\nvddsinfo.vcxproj", "{2B31EEC8-AEEF-4180-A76B-803A3221AE39}"
	ProjectSection(ProjectDependencies) = postProject
		{18EE90D6-044A-43C0-9594-8193F96F490D} = {18EE90D6-044A-43C0-9594-8193F96F490D}
		{8E9C5F21-8910-487E-B4DE-8D40150D4FFB} = {8E9C5F21-8910-487E-B4DE-8D40150D4FFB}
		{22E3D9AC-325F-47EE-8A58-9AC90464DFD6} = {22E3D9AC-325F-47EE-8A58-9AC90464DFD6}
		{04D01684-7EA2-4C72-9A7E-C632FFCB01A8} = {04D01684-7EA2-4C72-9A7E-C632FFCB01A8}
		{FA876945-0FA4-4C33-92E9-C92A275D93A9} = {FA876945-0FA4-4C33-92E9-C92A275D93A9}
		{AC9D065E-DF53-4F1C-9BF3-C9063BA69049} = {AC9D065E-DF53-4F1C-9BF3-C9063BA69049}
		{7C3B9CCB-8906-4439-9698-4535955FC8CF} = {7C3B9CCB-8906-4439-9698-4535955FC8CF}
		{E018A7B3-A66A-4DAF-BFDE-37759F292506} = {E018A7B3-A66A-4DAF-BFDE-37759F292506}
		{38D30D59-6C31-40F2-A801-32F8147C3BEB} = {38D30D59-6C31-40F2-A801-32F8147C3BEB}
		{84D7BC84-0738-4E12-AF57-1D8A91B346AF} = {84D7BC84-0738-4E12-AF57-1D8A91B346AF}
		{33C86480-97BE-4D49-B167-C4E35FCAD73B} = {33C86480-97BE-4D49-B167-C4E35FCAD73B}
	EndProjectSection
EndProject
Project("{8BC9CEB8-8B4A-11D0-8D11-00A0C91BC942}") = "nvdecompress", "tools\nvdecompress.vcxproj", "{BC7D8708-3443-42C5-95E2-A37079773622}"
	ProjectSection(ProjectDependencies) = postProject
		{18EE90D6-044A-43C0-9594-8193F96F490D} = {18EE90D6-044A-43C0-9594-8193F96F490D}
		{8E9C5F21-8910-487E-B4DE-8D40150D4FFB} = {8E9C5F21-8910-487E-B4DE-8D40150D4FFB}
		{22E3D9AC-325F-47EE-8A58-9AC90464DFD6} = {22E3D9AC-325F-47EE-8A58-9AC90464DFD6}
		{04D01684-7EA2-4C72-9A7E-C632FFCB01A8} = {04D01684-7EA2-4C72-9A7E-C632FFCB01A8}
		{FA876945-0FA4-4C33-92E9-C92A275D93A9} = {FA876945-0FA4-4C33-92E9-C92A275D93A9}
		{AC9D065E-DF53-4F1C-9BF3-C9063BA69049} = {AC9D065E-DF53-4F1C-9BF3-C9063BA69049}
		{7C3B9CCB-8906-4439-9698-4535955FC8CF} = {7C3B9CCB-8906-4439-9698-4535955FC8CF}
		{E018A7B3-A66A-4DAF-BFDE-37759F292506} = {E018A7B3-A66A-4DAF-BFDE-37759F292506}
		{38D30D59-6C31-40F2-A801-32F8147C3BEB} = {38D30D59-6C31-40F2-A801-32F8147C3BEB}
		{84D7BC84-0738-4E12-AF57-1D8A91B346AF} = {84D7BC84-0738-4E12-AF57-1D8A91B346AF}
		{33C86480-97BE-4D49-B167-C4E35FCAD73B} = {33C86480-97BE-4D49-B167-C4E35FCAD73B}
	EndProjectSection
EndProject
Project("{8BC9CEB8-8B4A-11D0-8D11-00A0C91BC942}") = "nvhdrtest", "tests\nvhdrtest.vcxproj", "{BAB51F25-FF8D-48E1-9A9F-993642417EE9}"
	ProjectSection(ProjectDependencies) = postProject
		{18EE90D6-044A-43C0-9594-8193F96F490D} = {18EE90D6-044A-43C0-9594-8193F96F490D}
		{8E9C5F21-8910-487E-B4DE-8D40150D4FFB} = {8E9C5F21-8910-487E-B4DE-8D40150D4FFB}
		{22E3D9AC-325F-47EE-8A58-9AC90464DFD6} = {22E3D9AC-325F-47EE-8A58-9AC90464DFD6}
		{04D01684-7EA2-4C72-9A7E-C632FFCB01A8} = {04D01684-7EA2-4C72-9A7E-C632FFCB01A8}
		{FA876945-0FA4-4C33-92E9-C92A275D93A9} = {FA876945-0FA4-4C33-92E9-C92A275D93A9}
		{AC9D065E-DF53-4F1C-9BF3-C9063BA69049} = {AC9D065E-DF53-4F1C-9BF3-C9063BA69049}
		{7C3B9CCB-8906-4439-9698-4535955FC8CF} = {7C3B9CCB-8906-4439-9698-4535955FC8CF}
		{E018A7B3-A66A-4DAF-BFDE-37759F292506} = {E018A7B3-A66A-4DAF-BFDE-37759F292506}
		{38D30D59-6C31-40F2-A801-32F8147C3BEB} = {38D30D59-6C31-40F2-A801-32F8147C3BEB}
		{84D7BC84-0738-4E12-AF57-1D8A91B346AF} = {84D7BC84-0738-4E12-AF57-1D8A91B346AF}
		{33C86480-97BE-4D49-B167-C4E35FCAD73B} = {33C86480-97BE-4D49-B167-C4E35FCAD73B}
	EndProjectSection
EndProject
Project("{8BC9CEB8-8B4A-11D0-8D11-00A0C91BC942}") = "nvimage", "..\nvimage\nvimage.vcxproj", "{FA876945-0FA4-4C33-92E9-C92A275D93A9}"
	ProjectSection(ProjectDependencies) = postProject
		{18EE90D6-044A-43C0-9594-8193F96F490D} = {18EE90D6-044A-43C0-9594-8193F96F490D}
		{8E9C5F21-8910-487E-B4DE-8D40150D4FFB} = {8E9C5F21-8910-487E-B4DE-8D40150D4FFB}
		{22E3D9AC-325F-47EE-8A58-9AC90464DFD6} = {22E3D9AC-325F-47EE-8A58-9AC90464DFD6}
		{04D01684-7EA2-4C72-9A7E-C632FFCB01A8} = {04D01684-7EA2-4C72-9A7E-C632FFCB01A8}
		{AC9D065E-DF53-4F1C-9BF3-C9063BA69049} = {AC9D065E-DF53-4F1C-9BF3-C9063BA69049}
		{38D30D59-6C31-40F2-A801-32F8147C3BEB} = {38D30D59-6C31-40F2-A801-32F8147C3BEB}
	EndProjectSection
EndProject
Project("{8BC9CEB8-8B4A-11D0-8D11-00A0C91BC942}") = "nvimgdiff", "tools\nvimgdiff.vcxproj", "{8EE5A159-EDC7-4AC2-A7E5-B5BFED5E7024}"
	ProjectSection(ProjectDependencies) = postProject
		{18EE90D6-044A-43C0-9594-8193F96F490D} = {18EE90D6-044A-43C0-9594-8193F96F490D}
		{8E9C5F21-8910-487E-B4DE-8D40150D4FFB} = {8E9C5F21-8910-487E-B4DE-8D40150D4FFB}
		{22E3D9AC-325F-47EE-8A58-9AC90464DFD6} = {22E3D9AC-325F-47EE-8A58-9AC90464DFD6}
		{04D01684-7EA2-4C72-9A7E-C632FFCB01A8} = {04D01684-7EA2-4C72-9A7E-C632FFCB01A8}
		{FA876945-0FA4-4C33-92E9-C92A275D93A9} = {FA876945-0FA4-4C33-92E9-C92A275D93A9}
		{AC9D065E-DF53-4F1C-9BF3-C9063BA69049} = {AC9D065E-DF53-4F1C-9BF3-C9063BA69049}
		{7C3B9CCB-8906-4439-9698-4535955FC8CF} = {7C3B9CCB-8906-4439-9698-4535955FC8CF}
		{E018A7B3-A66A-4DAF-BFDE-37759F292506} = {E018A7B3-A66A-4DAF-BFDE-37759F292506}
		{38D30D59-6C31-40F2-A801-32F8147C3BEB} = {38D30D59-6C31-40F2-A801-32F8147C3BEB}
		{84D7BC84-0738-4E12-AF57-1D8A91B346AF} = {84D7BC84-0738-4E12-AF57-1D8A91B346AF}
		{33C86480-97BE-4D49-B167-C4E35FCAD73B} = {33C86480-97BE-4D49-B167-C4E35FCAD73B}
	EndProjectSection
EndProject
Project("{8BC9CEB8-8B4A-11D0-8D11-00A0C91BC942}") = "nvmath", "..\nvmath\nvmath.vcxproj", "{AC9D065E-DF53-4F1C-9BF3-C9063BA69049}"
	ProjectSection(ProjectDependencies) = postProject
		{18EE90D6-044A-43C0-9594-8193F96F490D} = {18EE90D6-044A-43C0-9594-8193F96F490D}
		{04D01684-7EA2-4C72-9A7E-C632FFCB01A8} = {04D01684-7EA2-4C72-9A7E-C632FFCB01A8}
	EndProjectSection
EndProject
Project("{8BC9CEB8-8B4A-11D0-8D11-00A0C91BC942}") = "nvtestsuite", "tests\nvtestsuite.vcxproj", "{CCB612DB-FE16-4175-9DCE-3C726993175F}"
	ProjectSection(ProjectDependencies) = postProject
		{18EE90D6-044A-43C0-9594-8193F96F490D} = {18EE90D6-044A-43C0-9594-8193F96F490D}
		{8E9C5F21-8910-487E-B4DE-8D40150D4FFB} = {8E9C5F21-8910-487E-B4DE-8D40150D4FFB}
		{22E3D9AC-325F-47EE-8A58-9AC90464DFD6} = {22E3D9AC-325F-47EE-8A58-9AC90464DFD6}
		{04D01684-7EA2-4C72-9A7E-C632FFCB01A8} = {04D01684-7EA2-4C72-9A7E-C632FFCB01A8}
		{FA876945-0FA4-4C33-92E9-C92A275D93A9} = {FA876945-0FA4-4C33-92E9-C92A275D93A9}
		{AC9D065E-DF53-4F1C-9BF3-C9063BA69049} = {AC9D065E-DF53-4F1C-9BF3-C9063BA69049}
		{7C3B9CCB-8906-4439-9698-4535955FC8CF} = {7C3B9CCB-8906-4439-9698-4535955FC8CF}
		{E018A7B3-A66A-4DAF-BFDE-37759F292506} = {E018A7B3-A66A-4DAF-BFDE-37759F292506}
		{38D30D59-6C31-40F2-A801-32F8147C3BEB} = {38D30D59-6C31-40F2-A801-32F8147C3BEB}
		{84D7BC84-0738-4E12-AF57-1D8A91B346AF} = {84D7BC84-0738-4E12-AF57-1D8A91B346AF}
		{33C86480-97BE-4D49-B167-C4E35FCAD73B} = {33C86480-97BE-4D49-B167-C4E35FCAD73B}
	EndProjectSection
EndProject
Project("{8BC9CEB8-8B4A-11D0-8D11-00A0C91BC942}") = "nvthread", "..\nvthread\nvthread.vcxproj", "{7C3B9CCB-8906-4439-9698-4535955FC8CF}"
	ProjectSection(ProjectDependencies) = postProject
		{18EE90D6-044A-43C0-9594-8193F96F490D} = {18EE90D6-044A-43C0-9594-8193F96F490D}
		{04D01684-7EA2-4C72-9A7E-C632FFCB01A8} = {04D01684-7EA2-4C72-9A7E-C632FFCB01A8}
	EndProjectSection
EndProject
Project("{8BC9CEB8-8B4A-11D0-8D11-00A0C91BC942}") = "nvtt", "nvtt.vcxproj", "{E018A7B3-A66A-4DAF-BFDE-37759F292506}"
	ProjectSection(ProjectDependencies) = postProject
		{18EE90D6-044A-43C0-9594-8193F96F490D} = {18EE90D6-044A-43C0-9594-8193F96F490D}
		{8E9C5F21-8910-487E-B4DE-8D40150D4FFB} = {8E9C5F21-8910-487E-B4DE-8D40150D4FFB}
		{22E3D9AC-325F-47EE-8A58-9AC90464DFD6} = {22E3D9AC-325F-47EE-8A58-9AC90464DFD6}
		{04D01684-7EA2-4C72-9A7E-C632FFCB01A8} = {04D01684-7EA2-4C72-9A7E-C632FFCB01A8}
		{FA876945-0FA4-4C33-92E9-C92A275D93A9} = {FA876945-0FA4-4C33-92E9-C92A275D93A9}
		{AC9D065E-DF53-4F1C-9BF3-C9063BA69049} = {AC9D065E-DF53-4F1C-9BF3-C9063BA69049}
		{7C3B9CCB-8906-4439-9698-4535955FC8CF} = {7C3B9CCB-8906-4439-9698-4535955FC8CF}
		{38D30D59-6C31-40F2-A801-32F8147C3BEB} = {38D30D59-6C31-40F2-A801-32F8147C3BEB}
		{84D7BC84-0738-4E12-AF57-1D8A91B346AF} = {84D7BC84-0738-4E12-AF57-1D8A91B346AF}
		{33C86480-97BE-4D49-B167-C4E35FCAD73B} = {33C86480-97BE-4D49-B167-C4E35FCAD73B}
	EndProjectSection
EndProject
Project("{8BC9CEB8-8B4A-11D0-8D11-00A0C91BC942}") = "nvzoom", "tools\nvzoom.vcxproj", "{B91D3CC4-E2C5-479B-813B-51C35E9FC891}"
	ProjectSection(ProjectDependencies) = postProject
		{18EE90D6-044A-43C0-9594-8193F96F490D} = {18EE90D6-044A-43C0-9594-8193F96F490D}
		{8E9C5F21-8910-487E-B4DE-8D40150D4FFB} = {8E9C5F21-8910-487E-B4DE-8D40150D4FFB}
		{22E3D9AC-325F-47EE-8A58-9AC90464DFD6} = {22E3D9AC-325F-47EE-8A58-9AC90464DFD6}
		{04D01684-7EA2-4C72-9A7E-C632FFCB01A8} = {04D01684-7EA2-4C72-9A7E-C632FFCB01A8}
		{FA876945-0FA4-4C33-92E9-C92A275D93A9} = {FA876945-0FA4-4C33-92E9-C92A275D93A9}
		{AC9D065E-DF53-4F1C-9BF3-C9063BA69049} = {AC9D065E-DF53-4F1C-9BF3-C9063BA69049}
		{7C3B9CCB-8906-4439-9698-4535955FC8CF} = {7C3B9CCB-8906-4439-9698-4535955FC8CF}
		{E018A7B3-A66A-4DAF-BFDE-37759F292506} = {E018A7B3-A66A-4DAF-BFDE-37759F292506}
		{38D30D59-6C31-40F2-A801-32F8147C3BEB} = {38D30D59-6C31-40F2-A801-32F8147C3BEB}
		{84D7BC84-0738-4E12-AF57-1D8A91B346AF} = {84D7BC84-0738-4E12-AF57-1D8A91B346AF}
		{33C86480-97BE-4D49-B167-C4E35FCAD73B} = {33C86480-97BE-4D49-B167-C4E35FCAD73B}
	EndProjectSection
EndProject
Project("{8BC9CEB8-8B4A-11D0-8D11-00A0C91BC942}") = "posh", "..\..\extern\poshlib\posh.vcxproj", "{38D30D59-6C31-40F2-A801-32F8147C3BEB}"
	ProjectSection(ProjectDependencies) = postProject
		{18EE90D6-044A-43C0-9594-8193F96F490D} = {18EE90D6-044A-43C0-9594-8193F96F490D}
	EndProjectSection
EndProject
Project("{8BC9CEB8-8B4A-11D0-8D11-00A0C91BC942}") = "process_alpha_map", "tests\process_alpha_map.vcxproj", "{D8131A90-25E8-4D90-97AF-404DCB3D6E1B}"
	ProjectSection(ProjectDependencies) = postProject
		{18EE90D6-044A-43C0-9594-8193F96F490D} = {18EE90D6-044A-43C0-9594-8193F96F490D}
		{8E9C5F21-8910-487E-B4DE-8D40150D4FFB} = {8E9C5F21-8910-487E-B4DE-8D40150D4FFB}
		{22E3D9AC-325F-47EE-8A58-9AC90464DFD6} = {22E3D9AC-325F-47EE-8A58-9AC90464DFD6}
		{04D01684-7EA2-4C72-9A7E-C632FFCB01A8} = {04D01684-7EA2-4C72-9A7E-C632FFCB01A8}
		{FA876945-0FA4-4C33-92E9-C92A275D93A9} = {FA876945-0FA4-4C33-92E9-C92A275D93A9}
		{AC9D065E-DF53-4F1C-9BF3-C9063BA69049} = {AC9D065E-DF53-4F1C-9BF3-C9063BA69049}
		{7C3B9CCB-8906-4439-9698-4535955FC8CF} = {7C3B9CCB-8906-4439-9698-4535955FC8CF}
		{E018A7B3-A66A-4DAF-BFDE-37759F292506} = {E018A7B3-A66A-4DAF-BFDE-37759F292506}
		{38D30D59-6C31-40F2-A801-32F8147C3BEB} = {38D30D59-6C31-40F2-A801-32F8147C3BEB}
		{84D7BC84-0738-4E12-AF57-1D8A91B346AF} = {84D7BC84-0738-4E12-AF57-1D8A91B346AF}
		{33C86480-97BE-4D49-B167-C4E35FCAD73B} = {33C86480-97BE-4D49-B167-C4E35FCAD73B}
	EndProjectSection
EndProject
Project("{8BC9CEB8-8B4A-11D0-8D11-00A0C91BC942}") = "rg_etc1", "..\..\extern\rg_etc1_v104\rg_etc1.vcxproj", "{84D7BC84-0738-4E12-AF57-1D8A91B346AF}"
	ProjectSection(ProjectDependencies) = postProject
		{18EE90D6-044A-43C0-9594-8193F96F490D} = {18EE90D6-044A-43C0-9594-8193F96F490D}
	EndProjectSection
EndProject
Project("{8BC9CEB8-8B4A-11D0-8D11-00A0C91BC942}") = "squish", "squish\squish.vcxproj", "{33C86480-97BE-4D49-B167-C4E35FCAD73B}"
	ProjectSection(ProjectDependencies) = postProject
		{18EE90D6-044A-43C0-9594-8193F96F490D} = {18EE90D6-044A-43C0-9594-8193F96F490D}
	EndProjectSection
EndProject
Global
	GlobalSection(SolutionConfigurationPlatforms) = preSolution
		Debug|Win32 = Debug|Win32
		Release|Win32 = Release|Win32
		MinSizeRel|Win32 = MinSizeRel|Win32
		RelWithDebInfo|Win32 = RelWithDebInfo|Win32
	EndGlobalSection
	GlobalSection(ProjectConfigurationPlatforms) = postSolution
		{94CC0289-F6EA-4F4C-B767-D799CAAF5715}.Debug|Win32.ActiveCfg = Debug|Win32
		{94CC0289-F6EA-4F4C-B767-D799CAAF5715}.Debug|Win32.Build.0 = Debug|Win32
		{94CC0289-F6EA-4F4C-B767-D799CAAF5715}.Release|Win32.ActiveCfg = Release|Win32
		{94CC0289-F6EA-4F4C-B767-D799CAAF5715}.Release|Win32.Build.0 = Release|Win32
		{94CC0289-F6EA-4F4C-B767-D799CAAF5715}.MinSizeRel|Win32.ActiveCfg = MinSizeRel|Win32
		{94CC0289-F6EA-4F4C-B767-D799CAAF5715}.MinSizeRel|Win32.Build.0 = MinSizeRel|Win32
		{94CC0289-F6EA-4F4C-B767-D799CAAF5715}.RelWithDebInfo|Win32.ActiveCfg = RelWithDebInfo|Win32
		{94CC0289-F6EA-4F4C-B767-D799CAAF5715}.RelWithDebInfo|Win32.Build.0 = RelWithDebInfo|Win32
		{32613004-4531-49E9-BEA4-7FEBDEB7392E}.Debug|Win32.ActiveCfg = Debug|Win32
		{32613004-4531-49E9-BEA4-7FEBDEB7392E}.Release|Win32.ActiveCfg = Release|Win32
		{32613004-4531-49E9-BEA4-7FEBDEB7392E}.MinSizeRel|Win32.ActiveCfg = MinSizeRel|Win32
		{32613004-4531-49E9-BEA4-7FEBDEB7392E}.RelWithDebInfo|Win32.ActiveCfg = RelWithDebInfo|Win32
		{DF3FC0F9-1A6B-46D1-A558-E160F1DEB4D7}.Debug|Win32.ActiveCfg = Debug|Win32
		{DF3FC0F9-1A6B-46D1-A558-E160F1DEB4D7}.Release|Win32.ActiveCfg = Release|Win32
		{DF3FC0F9-1A6B-46D1-A558-E160F1DEB4D7}.MinSizeRel|Win32.ActiveCfg = MinSizeRel|Win32
		{DF3FC0F9-1A6B-46D1-A558-E160F1DEB4D7}.RelWithDebInfo|Win32.ActiveCfg = RelWithDebInfo|Win32
		{C590B778-9E5F-40E1-9580-48D88A19E268}.Debug|Win32.ActiveCfg = Debug|Win32
		{C590B778-9E5F-40E1-9580-48D88A19E268}.Release|Win32.ActiveCfg = Release|Win32
		{C590B778-9E5F-40E1-9580-48D88A19E268}.MinSizeRel|Win32.ActiveCfg = MinSizeRel|Win32
		{C590B778-9E5F-40E1-9580-48D88A19E268}.RelWithDebInfo|Win32.ActiveCfg = RelWithDebInfo|Win32
		{18EE90D6-044A-43C0-9594-8193F96F490D}.Debug|Win32.ActiveCfg = Debug|Win32
		{18EE90D6-044A-43C0-9594-8193F96F490D}.Debug|Win32.Build.0 = Debug|Win32
		{18EE90D6-044A-43C0-9594-8193F96F490D}.Release|Win32.ActiveCfg = Release|Win32
		{18EE90D6-044A-43C0-9594-8193F96F490D}.Release|Win32.Build.0 = Release|Win32
		{18EE90D6-044A-43C0-9594-8193F96F490D}.MinSizeRel|Win32.ActiveCfg = MinSizeRel|Win32
		{18EE90D6-044A-43C0-9594-8193F96F490D}.MinSizeRel|Win32.Build.0 = MinSizeRel|Win32
		{18EE90D6-044A-43C0-9594-8193F96F490D}.RelWithDebInfo|Win32.ActiveCfg = RelWithDebInfo|Win32
		{18EE90D6-044A-43C0-9594-8193F96F490D}.RelWithDebInfo|Win32.Build.0 = RelWithDebInfo|Win32
		{8E9C5F21-8910-487E-B4DE-8D40150D4FFB}.Debug|Win32.ActiveCfg = Debug|Win32
		{8E9C5F21-8910-487E-B4DE-8D40150D4FFB}.Debug|Win32.Build.0 = Debug|Win32
		{8E9C5F21-8910-487E-B4DE-8D40150D4FFB}.Release|Win32.ActiveCfg = Release|Win32
		{8E9C5F21-8910-487E-B4DE-8D40150D4FFB}.Release|Win32.Build.0 = Release|Win32
		{8E9C5F21-8910-487E-B4DE-8D40150D4FFB}.MinSizeRel|Win32.ActiveCfg = MinSizeRel|Win32
		{8E9C5F21-8910-487E-B4DE-8D40150D4FFB}.MinSizeRel|Win32.Build.0 = MinSizeRel|Win32
		{8E9C5F21-8910-487E-B4DE-8D40150D4FFB}.RelWithDebInfo|Win32.ActiveCfg = RelWithDebInfo|Win32
		{8E9C5F21-8910-487E-B4DE-8D40150D4FFB}.RelWithDebInfo|Win32.Build.0 = RelWithDebInfo|Win32
		{22E3D9AC-325F-47EE-8A58-9AC90464DFD6}.Debug|Win32.ActiveCfg = Debug|Win32
		{22E3D9AC-325F-47EE-8A58-9AC90464DFD6}.Debug|Win32.Build.0 = Debug|Win32
		{22E3D9AC-325F-47EE-8A58-9AC90464DFD6}.Release|Win32.ActiveCfg = Release|Win32
		{22E3D9AC-325F-47EE-8A58-9AC90464DFD6}.Release|Win32.Build.0 = Release|Win32
		{22E3D9AC-325F-47EE-8A58-9AC90464DFD6}.MinSizeRel|Win32.ActiveCfg = MinSizeRel|Win32
		{22E3D9AC-325F-47EE-8A58-9AC90464DFD6}.MinSizeRel|Win32.Build.0 = MinSizeRel|Win32
		{22E3D9AC-325F-47EE-8A58-9AC90464DFD6}.RelWithDebInfo|Win32.ActiveCfg = RelWithDebInfo|Win32
		{22E3D9AC-325F-47EE-8A58-9AC90464DFD6}.RelWithDebInfo|Win32.Build.0 = RelWithDebInfo|Win32
		{AFAACFF2-7F3C-4072-835A-C7FDA320BD19}.Debug|Win32.ActiveCfg = Debug|Win32
		{AFAACFF2-7F3C-4072-835A-C7FDA320BD19}.Debug|Win32.Build.0 = Debug|Win32
		{AFAACFF2-7F3C-4072-835A-C7FDA320BD19}.Release|Win32.ActiveCfg = Release|Win32
		{AFAACFF2-7F3C-4072-835A-C7FDA320BD19}.Release|Win32.Build.0 = Release|Win32
		{AFAACFF2-7F3C-4072-835A-C7FDA320BD19}.MinSizeRel|Win32.ActiveCfg = MinSizeRel|Win32
		{AFAACFF2-7F3C-4072-835A-C7FDA320BD19}.MinSizeRel|Win32.Build.0 = MinSizeRel|Win32
		{AFAACFF2-7F3C-4072-835A-C7FDA320BD19}.RelWithDebInfo|Win32.ActiveCfg = RelWithDebInfo|Win32
		{AFAACFF2-7F3C-4072-835A-C7FDA320BD19}.RelWithDebInfo|Win32.Build.0 = RelWithDebInfo|Win32
		{22348140-6FC3-4C70-A2E4-CDC848AE38EC}.Debug|Win32.ActiveCfg = Debug|Win32
		{22348140-6FC3-4C70-A2E4-CDC848AE38EC}.Debug|Win32.Build.0 = Debug|Win32
		{22348140-6FC3-4C70-A2E4-CDC848AE38EC}.Release|Win32.ActiveCfg = Release|Win32
		{22348140-6FC3-4C70-A2E4-CDC848AE38EC}.Release|Win32.Build.0 = Release|Win32
		{22348140-6FC3-4C70-A2E4-CDC848AE38EC}.MinSizeRel|Win32.ActiveCfg = MinSizeRel|Win32
		{22348140-6FC3-4C70-A2E4-CDC848AE38EC}.MinSizeRel|Win32.Build.0 = MinSizeRel|Win32
		{22348140-6FC3-4C70-A2E4-CDC848AE38EC}.RelWithDebInfo|Win32.ActiveCfg = RelWithDebInfo|Win32
		{22348140-6FC3-4C70-A2E4-CDC848AE38EC}.RelWithDebInfo|Win32.Build.0 = RelWithDebInfo|Win32
		{616E7870-5C17-4BA3-A94D-73F3F77283A7}.Debug|Win32.ActiveCfg = Debug|Win32
		{616E7870-5C17-4BA3-A94D-73F3F77283A7}.Debug|Win32.Build.0 = Debug|Win32
		{616E7870-5C17-4BA3-A94D-73F3F77283A7}.Release|Win32.ActiveCfg = Release|Win32
		{616E7870-5C17-4BA3-A94D-73F3F77283A7}.Release|Win32.Build.0 = Release|Win32
		{616E7870-5C17-4BA3-A94D-73F3F77283A7}.MinSizeRel|Win32.ActiveCfg = MinSizeRel|Win32
		{616E7870-5C17-4BA3-A94D-73F3F77283A7}.MinSizeRel|Win32.Build.0 = MinSizeRel|Win32
		{616E7870-5C17-4BA3-A94D-73F3F77283A7}.RelWithDebInfo|Win32.ActiveCfg = RelWithDebInfo|Win32
		{616E7870-5C17-4BA3-A94D-73F3F77283A7}.RelWithDebInfo|Win32.Build.0 = RelWithDebInfo|Win32
		{E2C13D80-CCA6-4FB7-8F92-208292A6F8BD}.Debug|Win32.ActiveCfg = Debug|Win32
		{E2C13D80-CCA6-4FB7-8F92-208292A6F8BD}.Debug|Win32.Build.0 = Debug|Win32
		{E2C13D80-CCA6-4FB7-8F92-208292A6F8BD}.Release|Win32.ActiveCfg = Release|Win32
		{E2C13D80-CCA6-4FB7-8F92-208292A6F8BD}.Release|Win32.Build.0 = Release|Win32
		{E2C13D80-CCA6-4FB7-8F92-208292A6F8BD}.MinSizeRel|Win32.ActiveCfg = MinSizeRel|Win32
		{E2C13D80-CCA6-4FB7-8F92-208292A6F8BD}.MinSizeRel|Win32.Build.0 = MinSizeRel|Win32
		{E2C13D80-CCA6-4FB7-8F92-208292A6F8BD}.RelWithDebInfo|Win32.ActiveCfg = RelWithDebInfo|Win32
		{E2C13D80-CCA6-4FB7-8F92-208292A6F8BD}.RelWithDebInfo|Win32.Build.0 = RelWithDebInfo|Win32
		{F1002A8A-8C75-4053-BB86-C1F3F27C72E8}.Debug|Win32.ActiveCfg = Debug|Win32
		{F1002A8A-8C75-4053-BB86-C1F3F27C72E8}.Debug|Win32.Build.0 = Debug|Win32
		{F1002A8A-8C75-4053-BB86-C1F3F27C72E8}.Release|Win32.ActiveCfg = Release|Win32
		{F1002A8A-8C75-4053-BB86-C1F3F27C72E8}.Release|Win32.Build.0 = Release|Win32
		{F1002A8A-8C75-4053-BB86-C1F3F27C72E8}.MinSizeRel|Win32.ActiveCfg = MinSizeRel|Win32
		{F1002A8A-8C75-4053-BB86-C1F3F27C72E8}.MinSizeRel|Win32.Build.0 = MinSizeRel|Win32
		{F1002A8A-8C75-4053-BB86-C1F3F27C72E8}.RelWithDebInfo|Win32.ActiveCfg = RelWithDebInfo|Win32
		{F1002A8A-8C75-4053-BB86-C1F3F27C72E8}.RelWithDebInfo|Win32.Build.0 = RelWithDebInfo|Win32
		{B7B851AF-5E1B-4A65-A277-A20DAD4B561E}.Debug|Win32.ActiveCfg = Debug|Win32
		{B7B851AF-5E1B-4A65-A277-A20DAD4B561E}.Debug|Win32.Build.0 = Debug|Win32
		{B7B851AF-5E1B-4A65-A277-A20DAD4B561E}.Release|Win32.ActiveCfg = Release|Win32
		{B7B851AF-5E1B-4A65-A277-A20DAD4B561E}.Release|Win32.Build.0 = Release|Win32
		{B7B851AF-5E1B-4A65-A277-A20DAD4B561E}.MinSizeRel|Win32.ActiveCfg = MinSizeRel|Win32
		{B7B851AF-5E1B-4A65-A277-A20DAD4B561E}.MinSizeRel|Win32.Build.0 = MinSizeRel|Win32
		{B7B851AF-5E1B-4A65-A277-A20DAD4B561E}.RelWithDebInfo|Win32.ActiveCfg = RelWithDebInfo|Win32
		{B7B851AF-5E1B-4A65-A277-A20DAD4B561E}.RelWithDebInfo|Win32.Build.0 = RelWithDebInfo|Win32
		{04D01684-7EA2-4C72-9A7E-C632FFCB01A8}.Debug|Win32.ActiveCfg = Debug|Win32
		{04D01684-7EA2-4C72-9A7E-C632FFCB01A8}.Debug|Win32.Build.0 = Debug|Win32
		{04D01684-7EA2-4C72-9A7E-C632FFCB01A8}.Release|Win32.ActiveCfg = Release|Win32
		{04D01684-7EA2-4C72-9A7E-C632FFCB01A8}.Release|Win32.Build.0 = Release|Win32
		{04D01684-7EA2-4C72-9A7E-C632FFCB01A8}.MinSizeRel|Win32.ActiveCfg = MinSizeRel|Win32
		{04D01684-7EA2-4C72-9A7E-C632FFCB01A8}.MinSizeRel|Win32.Build.0 = MinSizeRel|Win32
		{04D01684-7EA2-4C72-9A7E-C632FFCB01A8}.RelWithDebInfo|Win32.ActiveCfg = RelWithDebInfo|Win32
		{04D01684-7EA2-4C72-9A7E-C632FFCB01A8}.RelWithDebInfo|Win32.Build.0 = RelWithDebInfo|Win32
		{2B31EEC8-AEEF-4180-A76B-803A3221AE39}.Debug|Win32.ActiveCfg = Debug|Win32
		{2B31EEC8-AEEF-4180-A76B-803A3221AE39}.Debug|Win32.Build.0 = Debug|Win32
		{2B31EEC8-AEEF-4180-A76B-803A3221AE39}.Release|Win32.ActiveCfg = Release|Win32
		{2B31EEC8-AEEF-4180-A76B-803A3221AE39}.Release|Win32.Build.0 = Release|Win32
		{2B31EEC8-AEEF-4180-A76B-803A3221AE39}.MinSizeRel|Win32.ActiveCfg = MinSizeRel|Win32
		{2B31EEC8-AEEF-4180-A76B-803A3221AE39}.MinSizeRel|Win32.Build.0 = MinSizeRel|Win32
		{2B31EEC8-AEEF-4180-A76B-803A3221AE39}.RelWithDebInfo|Win32.ActiveCfg = RelWithDebInfo|Win32
		{2B31EEC8-AEEF-4180-A76B-803A3221AE39}.RelWithDebInfo|Win32.Build.0 = RelWithDebInfo|Win32
		{BC7D8708-3443-42C5-95E2-A37079773622}.Debug|Win32.ActiveCfg = Debug|Win32
		{BC7D8708-3443-42C5-95E2-A37079773622}.Debug|Win32.Build.0 = Debug|Win32
		{BC7D8708-3443-42C5-95E2-A37079773622}.Release|Win32.ActiveCfg = Release|Win32
		{BC7D8708-3443-42C5-95E2-A37079773622}.Release|Win32.Build.0 = Release|Win32
		{BC7D8708-3443-42C5-95E2-A37079773622}.MinSizeRel|Win32.ActiveCfg = MinSizeRel|Win32
		{BC7D8708-3443-42C5-95E2-A37079773622}.MinSizeRel|Win32.Build.0 = MinSizeRel|Win32
		{BC7D8708-3443-42C5-95E2-A37079773622}.RelWithDebInfo|Win32.ActiveCfg = RelWithDebInfo|Win32
		{BC7D8708-3443-42C5-95E2-A37079773622}.RelWithDebInfo|Win32.Build.0 = RelWithDebInfo|Win32
		{BAB51F25-FF8D-48E1-9A9F-993642417EE9}.Debug|Win32.ActiveCfg = Debug|Win32
		{BAB51F25-FF8D-48E1-9A9F-993642417EE9}.Debug|Win32.Build.0 = Debug|Win32
		{BAB51F25-FF8D-48E1-9A9F-993642417EE9}.Release|Win32.ActiveCfg = Release|Win32
		{BAB51F25-FF8D-48E1-9A9F-993642417EE9}.Release|Win32.Build.0 = Release|Win32
		{BAB51F25-FF8D-48E1-9A9F-993642417EE9}.MinSizeRel|Win32.ActiveCfg = MinSizeRel|Win32
		{BAB51F25-FF8D-48E1-9A9F-993642417EE9}.MinSizeRel|Win32.Build.0 = MinSizeRel|Win32
		{BAB51F25-FF8D-48E1-9A9F-993642417EE9}.RelWithDebInfo|Win32.ActiveCfg = RelWithDebInfo|Win32
		{BAB51F25-FF8D-48E1-9A9F-993642417EE9}.RelWithDebInfo|Win32.Build.0 = RelWithDebInfo|Win32
		{FA876945-0FA4-4C33-92E9-C92A275D93A9}.Debug|Win32.ActiveCfg = Debug|Win32
		{FA876945-0FA4-4C33-92E9-C92A275D93A9}.Debug|Win32.Build.0 = Debug|Win32
		{FA876945-0FA4-4C33-92E9-C92A275D93A9}.Release|Win32.ActiveCfg = Release|Win32
		{FA876945-0FA4-4C33-92E9-C92A275D93A9}.Release|Win32.Build.0 = Release|Win32
		{FA876945-0FA4-4C33-92E9-C92A275D93A9}.MinSizeRel|Win32.ActiveCfg = MinSizeRel|Win32
		{FA876945-0FA4-4C33-92E9-C92A275D93A9}.MinSizeRel|Win32.Build.0 = MinSizeRel|Win32
		{FA876945-0FA4-4C33-92E9-C92A275D93A9}.RelWithDebInfo|Win32.ActiveCfg = RelWithDebInfo|Win32
		{FA876945-0FA4-4C33-92E9-C92A275D93A9}.RelWithDebInfo|Win32.Build.0 = RelWithDebInfo|Win32
		{8EE5A159-EDC7-4AC2-A7E5-B5BFED5E7024}.Debug|Win32.ActiveCfg = Debug|Win32
		{8EE5A159-EDC7-4AC2-A7E5-B5BFED5E7024}.Debug|Win32.Build.0 = Debug|Win32
		{8EE5A159-EDC7-4AC2-A7E5-B5BFED5E7024}.Release|Win32.ActiveCfg = Release|Win32
		{8EE5A159-EDC7-4AC2-A7E5-B5BFED5E7024}.Release|Win32.Build.0 = Release|Win32
		{8EE5A159-EDC7-4AC2-A7E5-B5BFED5E7024}.MinSizeRel|Win32.ActiveCfg = MinSizeRel|Win32
		{8EE5A159-EDC7-4AC2-A7E5-B5BFED5E7024}.MinSizeRel|Win32.Build.0 = MinSizeRel|Win32
		{8EE5A159-EDC7-4AC2-A7E5-B5BFED5E7024}.RelWithDebInfo|Win32.ActiveCfg = RelWithDebInfo|Win32
		{8EE5A159-EDC7-4AC2-A7E5-B5BFED5E7024}.RelWithDebInfo|Win32.Build.0 = RelWithDebInfo|Win32
		{AC9D065E-DF53-4F1C-9BF3-C9063BA69049}.Debug|Win32.ActiveCfg = Debug|Win32
		{AC9D065E-DF53-4F1C-9BF3-C9063BA69049}.Debug|Win32.Build.0 = Debug|Win32
		{AC9D065E-DF53-4F1C-9BF3-C9063BA69049}.Release|Win32.ActiveCfg = Release|Win32
		{AC9D065E-DF53-4F1C-9BF3-C9063BA69049}.Release|Win32.Build.0 = Release|Win32
		{AC9D065E-DF53-4F1C-9BF3-C9063BA69049}.MinSizeRel|Win32.ActiveCfg = MinSizeRel|Win32
		{AC9D065E-DF53-4F1C-9BF3-C9063BA69049}.MinSizeRel|Win32.Build.0 = MinSizeRel|Win32
		{AC9D065E-DF53-4F1C-9BF3-C9063BA69049}.RelWithDebInfo|Win32.ActiveCfg = RelWithDebInfo|Win32
		{AC9D065E-DF53-4F1C-9BF3-C9063BA69049}.RelWithDebInfo|Win32.Build.0 = RelWithDebInfo|Win32
		{CCB612DB-FE16-4175-9DCE-3C726993175F}.Debug|Win32.ActiveCfg = Debug|Win32
		{CCB612DB-FE16-4175-9DCE-3C726993175F}.Debug|Win32.Build.0 = Debug|Win32
		{CCB612DB-FE16-4175-9DCE-3C726993175F}.Release|Win32.ActiveCfg = Release|Win32
		{CCB612DB-FE16-4175-9DCE-3C726993175F}.Release|Win32.Build.0 = Release|Win32
		{CCB612DB-FE16-4175-9DCE-3C726993175F}.MinSizeRel|Win32.ActiveCfg = MinSizeRel|Win32
		{CCB612DB-FE16-4175-9DCE-3C726993175F}.MinSizeRel|Win32.Build.0 = MinSizeRel|Win32
		{CCB612DB-FE16-4175-9DCE-3C726993175F}.RelWithDebInfo|Win32.ActiveCfg = RelWithDebInfo|Win32
		{CCB612DB-FE16-4175-9DCE-3C726993175F}.RelWithDebInfo|Win32.Build.0 = RelWithDebInfo|Win32
		{7C3B9CCB-8906-4439-9698-4535955FC8CF}.Debug|Win32.ActiveCfg = Debug|Win32
		{7C3B9CCB-8906-4439-9698-4535955FC8CF}.Debug|Win32.Build.0 = Debug|Win32
		{7C3B9CCB-8906-4439-9698-4535955FC8CF}.Release|Win32.ActiveCfg = Release|Win32
		{7C3B9CCB-8906-4439-9698-4535955FC8CF}.Release|Win32.Build.0 = Release|Win32
		{7C3B9CCB-8906-4439-9698-4535955FC8CF}.MinSizeRel|Win32.ActiveCfg = MinSizeRel|Win32
		{7C3B9CCB-8906-4439-9698-4535955FC8CF}.MinSizeRel|Win32.Build.0 = MinSizeRel|Win32
		{7C3B9CCB-8906-4439-9698-4535955FC8CF}.RelWithDebInfo|Win32.ActiveCfg = RelWithDebInfo|Win32
		{7C3B9CCB-8906-4439-9698-4535955FC8CF}.RelWithDebInfo|Win32.Build.0 = RelWithDebInfo|Win32
		{E018A7B3-A66A-4DAF-BFDE-37759F292506}.Debug|Win32.ActiveCfg = Debug|Win32
		{E018A7B3-A66A-4DAF-BFDE-37759F292506}.Debug|Win32.Build.0 = Debug|Win32
		{E018A7B3-A66A-4DAF-BFDE-37759F292506}.Release|Win32.ActiveCfg = Release|Win32
		{E018A7B3-A66A-4DAF-BFDE-37759F292506}.Release|Win32.Build.0 = Release|Win32
		{E018A7B3-A66A-4DAF-BFDE-37759F292506}.MinSizeRel|Win32.ActiveCfg = MinSizeRel|Win32
		{E018A7B3-A66A-4DAF-BFDE-37759F292506}.MinSizeRel|Win32.Build.0 = MinSizeRel|Win32
		{E018A7B3-A66A-4DAF-BFDE-37759F292506}.RelWithDebInfo|Win32.ActiveCfg = RelWithDebInfo|Win32
		{E018A7B3-A66A-4DAF-BFDE-37759F292506}.RelWithDebInfo|Win32.Build.0 = RelWithDebInfo|Win32
		{B91D3CC4-E2C5-479B-813B-51C35E9FC891}.Debug|Win32.ActiveCfg = Debug|Win32
		{B91D3CC4-E2C5-479B-813B-51C35E9FC891}.Debug|Win32.Build.0 = Debug|Win32
		{B91D3CC4-E2C5-479B-813B-51C35E9FC891}.Release|Win32.ActiveCfg = Release|Win32
		{B91D3CC4-E2C5-479B-813B-51C35E9FC891}.Release|Win32.Build.0 = Release|Win32
		{B91D3CC4-E2C5-479B-813B-51C35E9FC891}.MinSizeRel|Win32.ActiveCfg = MinSizeRel|Win32
		{B91D3CC4-E2C5-479B-813B-51C35E9FC891}.MinSizeRel|Win32.Build.0 = MinSizeRel|Win32
		{B91D3CC4-E2C5-479B-813B-51C35E9FC891}.RelWithDebInfo|Win32.ActiveCfg = RelWithDebInfo|Win32
		{B91D3CC4-E2C5-479B-813B-51C35E9FC891}.RelWithDebInfo|Win32.Build.0 = RelWithDebInfo|Win32
		{38D30D59-6C31-40F2-A801-32F8147C3BEB}.Debug|Win32.ActiveCfg = Debug|Win32
		{38D30D59-6C31-40F2-A801-32F8147C3BEB}.Debug|Win32.Build.0 = Debug|Win32
		{38D30D59-6C31-40F2-A801-32F8147C3BEB}.Release|Win32.ActiveCfg = Release|Win32
		{38D30D59-6C31-40F2-A801-32F8147C3BEB}.Release|Win32.Build.0 = Release|Win32
		{38D30D59-6C31-40F2-A801-32F8147C3BEB}.MinSizeRel|Win32.ActiveCfg = MinSizeRel|Win32
		{38D30D59-6C31-40F2-A801-32F8147C3BEB}.MinSizeRel|Win32.Build.0 = MinSizeRel|Win32
		{38D30D59-6C31-40F2-A801-32F8147C3BEB}.RelWithDebInfo|Win32.ActiveCfg = RelWithDebInfo|Win32
		{38D30D59-6C31-40F2-A801-32F8147C3BEB}.RelWithDebInfo|Win32.Build.0 = RelWithDebInfo|Win32
		{D8131A90-25E8-4D90-97AF-404DCB3D6E1B}.Debug|Win32.ActiveCfg = Debug|Win32
		{D8131A90-25E8-4D90-97AF-404DCB3D6E1B}.Debug|Win32.Build.0 = Debug|Win32
		{D8131A90-25E8-4D90-97AF-404DCB3D6E1B}.Release|Win32.ActiveCfg = Release|Win32
		{D8131A90-25E8-4D90-97AF-404DCB3D6E1B}.Release|Win32.Build.0 = Release|Win32
		{D8131A90-25E8-4D90-97AF-404DCB3D6E1B}.MinSizeRel|Win32.ActiveCfg = MinSizeRel|Win32
		{D8131A90-25E8-4D90-97AF-404DCB3D6E1B}.MinSizeRel|Win32.Build.0 = MinSizeRel|Win32
		{D8131A90-25E8-4D90-97AF-404DCB3D6E1B}.RelWithDebInfo|Win32.ActiveCfg = RelWithDebInfo|Win32
		{D8131A90-25E8-4D90-97AF-404DCB3D6E1B}.RelWithDebInfo|Win32.Build.0 = RelWithDebInfo|Win32
		{84D7BC84-0738-4E12-AF57-1D8A91B346AF}.Debug|Win32.ActiveCfg = Debug|Win32
		{84D7BC84-0738-4E12-AF57-1D8A91B346AF}.Debug|Win32.Build.0 = Debug|Win32
		{84D7BC84-0738-4E12-AF57-1D8A91B346AF}.Release|Win32.ActiveCfg = Release|Win32
		{84D7BC84-0738-4E12-AF57-1D8A91B346AF}.Release|Win32.Build.0 = Release|Win32
		{84D7BC84-0738-4E12-AF57-1D8A91B346AF}.MinSizeRel|Win32.ActiveCfg = MinSizeRel|Win32
		{84D7BC84-0738-4E12-AF57-1D8A91B346AF}.MinSizeRel|Win32.Build.0 = MinSizeRel|Win32
		{84D7BC84-0738-4E12-AF57-1D8A91B346AF}.RelWithDebInfo|Win32.ActiveCfg = RelWithDebInfo|Win32
		{84D7BC84-0738-4E12-AF57-1D8A91B346AF}.RelWithDebInfo|Win32.Build.0 = RelWithDebInfo|Win32
		{33C86480-97BE-4D49-B167-C4E35FCAD73B}.Debug|Win32.ActiveCfg = Debug|Win32
		{33C86480-97BE-4D49-B167-C4E35FCAD73B}.Debug|Win32.Build.0 = Debug|Win32
		{33C86480-97BE-4D49-B167-C4E35FCAD73B}.Release|Win32.ActiveCfg = Release|Win32
		{33C86480-97BE-4D49-B167-C4E35FCAD73B}.Release|Win32.Build.0 = Release|Win32
		{33C86480-97BE-4D49-B167-C4E35FCAD73B}.MinSizeRel|Win32.ActiveCfg = MinSizeRel|Win32
		{33C86480-97BE-4D49-B167-C4E35FCAD73B}.MinSizeRel|Win32.Build.0 = MinSizeRel|Win32
		{33C86480-97BE-4D49-B167-C4E35FCAD73B}.RelWithDebInfo|Win32.ActiveCfg = RelWithDebInfo|Win32
		{33C86480-97BE-4D49-B167-C4E35FCAD73B}.RelWithDebInfo|Win32.Build.0 = RelWithDebInfo|Win32
	EndGlobalSection
	GlobalSection(ExtensibilityGlobals) = postSolution
	EndGlobalSection
	GlobalSection(ExtensibilityAddIns) = postSolution
	EndGlobalSection
EndGlobal
